
Microsoft Visual Studio Solution File, Format Version 12.00
# Visual Studio Version 16
VisualStudioVersion = 16.0.30330.147
MinimumVisualStudioVersion = 10.0.40219.1
Project("{FAE04EC0-301F-11D3-BF4B-00C04F79EFBC}") = "Insights", "Insights\Insights.csproj", "{6EE38270-C3E6-4C5A-829A-444C7E74C3D8}"
EndProject
Project("{FAE04EC0-301F-11D3-BF4B-00C04F79EFBC}") = "Insights.Cli", "Insights.Cli\Insights.Cli.csproj", "{624F2E37-98C0-4853-8A0A-8F122315AD99}"
EndProject
Project("{9A19103F-16F7-4668-BE54-9A1E7A4F7556}") = "Insights.Web.Api", "Insights.Web.Api\Insights.Web.Api.csproj", "{A97BED9A-F40E-40CE-8C6D-A4B5C3EAB79C}"
EndProject
Global
	GlobalSection(SolutionConfigurationPlatforms) = preSolution
		Debug|Any CPU = Debug|Any CPU
		Release|Any CPU = Release|Any CPU
	EndGlobalSection
	GlobalSection(ProjectConfigurationPlatforms) = postSolution
		{6EE38270-C3E6-4C5A-829A-444C7E74C3D8}.Debug|Any CPU.ActiveCfg = Debug|Any CPU
		{6EE38270-C3E6-4C5A-829A-444C7E74C3D8}.Debug|Any CPU.Build.0 = Debug|Any CPU
		{6EE38270-C3E6-4C5A-829A-444C7E74C3D8}.Release|Any CPU.ActiveCfg = Release|Any CPU
		{6EE38270-C3E6-4C5A-829A-444C7E74C3D8}.Release|Any CPU.Build.0 = Release|Any CPU
		{624F2E37-98C0-4853-8A0A-8F122315AD99}.Debug|Any CPU.ActiveCfg = Debug|Any CPU
		{624F2E37-98C0-4853-8A0A-8F122315AD99}.Debug|Any CPU.Build.0 = Debug|Any CPU
		{624F2E37-98C0-4853-8A0A-8F122315AD99}.Release|Any CPU.ActiveCfg = Release|Any CPU
		{624F2E37-98C0-4853-8A0A-8F122315AD99}.Release|Any CPU.Build.0 = Release|Any CPU
		{A97BED9A-F40E-40CE-8C6D-A4B5C3EAB79C}.Debug|Any CPU.ActiveCfg = Debug|Any CPU
		{A97BED9A-F40E-40CE-8C6D-A4B5C3EAB79C}.Debug|Any CPU.Build.0 = Debug|Any CPU
		{A97BED9A-F40E-40CE-8C6D-A4B5C3EAB79C}.Release|Any CPU.ActiveCfg = Release|Any CPU
		{A97BED9A-F40E-40CE-8C6D-A4B5C3EAB79C}.Release|Any CPU.Build.0 = Release|Any CPU
	EndGlobalSection
	GlobalSection(SolutionProperties) = preSolution
		HideSolutionNode = FALSE
	EndGlobalSection
	GlobalSection(ExtensibilityGlobals) = postSolution
		SolutionGuid = {106FC9EA-96DC-437E-B48F-D1DCFD25E6D5}
	EndGlobalSection
EndGlobal
